
Microsoft Visual Studio Solution File, Format Version 12.00
# Visual Studio 2013
VisualStudioVersion = 12.0.30110.0
MinimumVisualStudioVersion = 10.0.40219.1
Project("{FAE04EC0-301F-11D3-BF4B-00C04F79EFBC}") = "01.MaxPQ", "MaxPQ\01.MaxPQ.csproj", "{42B573EF-390B-4158-8304-1920EC31EB90}"
EndProject
Project("{FAE04EC0-301F-11D3-BF4B-00C04F79EFBC}") = "05.HeapSort", "HeapSort\05.HeapSort.csproj", "{5C988E22-2ADE-4CA8-B5B4-33598D87A634}"
EndProject
Project("{FAE04EC0-301F-11D3-BF4B-00C04F79EFBC}") = "05.HeapSort.Tests", "HeapSort.Tests\05.HeapSort.Tests.csproj", "{CAABC474-3B2F-4784-A190-F73A21AABD5E}"
EndProject
Project("{FAE04EC0-301F-11D3-BF4B-00C04F79EFBC}") = "01.MaxPQ.Tests", "MaxPQ.Tests\01.MaxPQ.Tests.csproj", "{0157701A-2FE5-4AB3-A476-A9D0B968FF60}"
EndProject
Project("{FAE04EC0-301F-11D3-BF4B-00C04F79EFBC}") = "03.PriorityQueue", "PriorityQueue\03.PriorityQueue.csproj", "{7673227C-E01C-4C23-87EE-8E3A22570A7B}"
EndProject
Project("{FAE04EC0-301F-11D3-BF4B-00C04F79EFBC}") = "02.MinPQ", "MinPQ\02.MinPQ.csproj", "{0357ECFB-8E32-4583-80C5-C942EEB1A476}"
EndProject
Global
	GlobalSection(SolutionConfigurationPlatforms) = preSolution
		Debug|Any CPU = Debug|Any CPU
		Release|Any CPU = Release|Any CPU
	EndGlobalSection
	GlobalSection(ProjectConfigurationPlatforms) = postSolution
		{42B573EF-390B-4158-8304-1920EC31EB90}.Debug|Any CPU.ActiveCfg = Debug|Any CPU
		{42B573EF-390B-4158-8304-1920EC31EB90}.Debug|Any CPU.Build.0 = Debug|Any CPU
		{42B573EF-390B-4158-8304-1920EC31EB90}.Release|Any CPU.ActiveCfg = Release|Any CPU
		{42B573EF-390B-4158-8304-1920EC31EB90}.Release|Any CPU.Build.0 = Release|Any CPU
		{5C988E22-2ADE-4CA8-B5B4-33598D87A634}.Debug|Any CPU.ActiveCfg = Debug|Any CPU
		{5C988E22-2ADE-4CA8-B5B4-33598D87A634}.Debug|Any CPU.Build.0 = Debug|Any CPU
		{5C988E22-2ADE-4CA8-B5B4-33598D87A634}.Release|Any CPU.ActiveCfg = Release|Any CPU
		{5C988E22-2ADE-4CA8-B5B4-33598D87A634}.Release|Any CPU.Build.0 = Release|Any CPU
		{CAABC474-3B2F-4784-A190-F73A21AABD5E}.Debug|Any CPU.ActiveCfg = Debug|Any CPU
		{CAABC474-3B2F-4784-A190-F73A21AABD5E}.Debug|Any CPU.Build.0 = Debug|Any CPU
		{CAABC474-3B2F-4784-A190-F73A21AABD5E}.Release|Any CPU.ActiveCfg = Release|Any CPU
		{CAABC474-3B2F-4784-A190-F73A21AABD5E}.Release|Any CPU.Build.0 = Release|Any CPU
		{0157701A-2FE5-4AB3-A476-A9D0B968FF60}.Debug|Any CPU.ActiveCfg = Debug|Any CPU
		{0157701A-2FE5-4AB3-A476-A9D0B968FF60}.Debug|Any CPU.Build.0 = Debug|Any CPU
		{0157701A-2FE5-4AB3-A476-A9D0B968FF60}.Release|Any CPU.ActiveCfg = Release|Any CPU
		{0157701A-2FE5-4AB3-A476-A9D0B968FF60}.Release|Any CPU.Build.0 = Release|Any CPU
		{7673227C-E01C-4C23-87EE-8E3A22570A7B}.Debug|Any CPU.ActiveCfg = Debug|Any CPU
		{7673227C-E01C-4C23-87EE-8E3A22570A7B}.Debug|Any CPU.Build.0 = Debug|Any CPU
		{7673227C-E01C-4C23-87EE-8E3A22570A7B}.Release|Any CPU.ActiveCfg = Release|Any CPU
		{7673227C-E01C-4C23-87EE-8E3A22570A7B}.Release|Any CPU.Build.0 = Release|Any CPU
		{0357ECFB-8E32-4583-80C5-C942EEB1A476}.Debug|Any CPU.ActiveCfg = Debug|Any CPU
		{0357ECFB-8E32-4583-80C5-C942EEB1A476}.Debug|Any CPU.Build.0 = Debug|Any CPU
		{0357ECFB-8E32-4583-80C5-C942EEB1A476}.Release|Any CPU.ActiveCfg = Release|Any CPU
		{0357ECFB-8E32-4583-80C5-C942EEB1A476}.Release|Any CPU.Build.0 = Release|Any CPU
	EndGlobalSection
	GlobalSection(SolutionProperties) = preSolution
		HideSolutionNode = FALSE
	EndGlobalSection
EndGlobal
