
Microsoft Visual Studio Solution File, Format Version 12.00
# Visual Studio 2013
VisualStudioVersion = 12.0.30110.0
MinimumVisualStudioVersion = 10.0.40219.1
Project("{FAE04EC0-301F-11D3-BF4B-00C04F79EFBC}") = "01.BalancedSearchTrees", "BalancedSearchTrees\01.BalancedSearchTrees.csproj", "{BA69BF8C-BF91-4403-8B79-652600C4C0FB}"
EndProject
Project("{FAE04EC0-301F-11D3-BF4B-00C04F79EFBC}") = "00.Tester", "Tester\00.Tester.csproj", "{E16978C5-9FFA-476D-AB7E-66C1C511DFED}"
EndProject
Project("{FAE04EC0-301F-11D3-BF4B-00C04F79EFBC}") = "BalancedSearchTrees.Tests", "BalancedSearchTrees.Tests\BalancedSearchTrees.Tests.csproj", "{3932DE39-94A6-4241-9B73-6B16AB9370E6}"
EndProject
Global
	GlobalSection(SolutionConfigurationPlatforms) = preSolution
		Debug|Any CPU = Debug|Any CPU
		Release|Any CPU = Release|Any CPU
	EndGlobalSection
	GlobalSection(ProjectConfigurationPlatforms) = postSolution
		{BA69BF8C-BF91-4403-8B79-652600C4C0FB}.Debug|Any CPU.ActiveCfg = Debug|Any CPU
		{BA69BF8C-BF91-4403-8B79-652600C4C0FB}.Debug|Any CPU.Build.0 = Debug|Any CPU
		{BA69BF8C-BF91-4403-8B79-652600C4C0FB}.Release|Any CPU.ActiveCfg = Release|Any CPU
		{BA69BF8C-BF91-4403-8B79-652600C4C0FB}.Release|Any CPU.Build.0 = Release|Any CPU
		{E16978C5-9FFA-476D-AB7E-66C1C511DFED}.Debug|Any CPU.ActiveCfg = Debug|Any CPU
		{E16978C5-9FFA-476D-AB7E-66C1C511DFED}.Debug|Any CPU.Build.0 = Debug|Any CPU
		{E16978C5-9FFA-476D-AB7E-66C1C511DFED}.Release|Any CPU.ActiveCfg = Release|Any CPU
		{E16978C5-9FFA-476D-AB7E-66C1C511DFED}.Release|Any CPU.Build.0 = Release|Any CPU
		{3932DE39-94A6-4241-9B73-6B16AB9370E6}.Debug|Any CPU.ActiveCfg = Debug|Any CPU
		{3932DE39-94A6-4241-9B73-6B16AB9370E6}.Debug|Any CPU.Build.0 = Debug|Any CPU
		{3932DE39-94A6-4241-9B73-6B16AB9370E6}.Release|Any CPU.ActiveCfg = Release|Any CPU
		{3932DE39-94A6-4241-9B73-6B16AB9370E6}.Release|Any CPU.Build.0 = Release|Any CPU
	EndGlobalSection
	GlobalSection(SolutionProperties) = preSolution
		HideSolutionNode = FALSE
	EndGlobalSection
EndGlobal
